// !$*UTF8*$!
{
	archiveVersion = 1;
	classes = {
	};
	objectVersion = 56;
	objects = {

/* Begin PBXBuildFile section */
		602DC96628E313F000B41256 /* AppDelegate.swift in Sources */ = {isa = PBXBuildFile; fileRef = 602DC96528E313F000B41256 /* AppDelegate.swift */; };
		602DC96828E313F000B41256 /* SceneDelegate.swift in Sources */ = {isa = PBXBuildFile; fileRef = 602DC96728E313F000B41256 /* SceneDelegate.swift */; };
		602DC96A28E313F000B41256 /* ViewController.swift in Sources */ = {isa = PBXBuildFile; fileRef = 602DC96928E313F000B41256 /* ViewController.swift */; };
		602DC96D28E313F000B41256 /* Main.storyboard in Resources */ = {isa = PBXBuildFile; fileRef = 602DC96B28E313F000B41256 /* Main.storyboard */; };
		602DC97028E313F000B41256 /* TravelBook2.xcdatamodeld in Sources */ = {isa = PBXBuildFile; fileRef = 602DC96E28E313F000B41256 /* TravelBook2.xcdatamodeld */; };
		602DC97228E313F100B41256 /* Assets.xcassets in Resources */ = {isa = PBXBuildFile; fileRef = 602DC97128E313F100B41256 /* Assets.xcassets */; };
		602DC97528E313F100B41256 /* LaunchScreen.storyboard in Resources */ = {isa = PBXBuildFile; fileRef = 602DC97328E313F100B41256 /* LaunchScreen.storyboard */; };
		602DC97F28E466AA00B41256 /* ListViewController.swift in Sources */ = {isa = PBXBuildFile; fileRef = 602DC97E28E466AA00B41256 /* ListViewController.swift */; };
/* End PBXBuildFile section */

/* Begin PBXFileReference section */
		602DC96228E313F000B41256 /* TravelBook2.app */ = {isa = PBXFileReference; explicitFileType = wrapper.application; includeInIndex = 0; path = TravelBook2.app; sourceTree = BUILT_PRODUCTS_DIR; };
		602DC96528E313F000B41256 /* AppDelegate.swift */ = {isa = PBXFileReference; lastKnownFileType = sourcecode.swift; path = AppDelegate.swift; sourceTree = "<group>"; };
		602DC96728E313F000B41256 /* SceneDelegate.swift */ = {isa = PBXFileReference; lastKnownFileType = sourcecode.swift; path = SceneDelegate.swift; sourceTree = "<group>"; };
		602DC96928E313F000B41256 /* ViewController.swift */ = {isa = PBXFileReference; lastKnownFileType = sourcecode.swift; path = ViewController.swift; sourceTree = "<group>"; };
		602DC96C28E313F000B41256 /* Base */ = {isa = PBXFileReference; lastKnownFileType = file.storyboard; name = Base; path = Base.lproj/Main.storyboard; sourceTree = "<group>"; };
		602DC96F28E313F000B41256 /* TravelBook2.xcdatamodel */ = {isa = PBXFileReference; lastKnownFileType = wrapper.xcdatamodel; path = TravelBook2.xcdatamodel; sourceTree = "<group>"; };
		602DC97128E313F100B41256 /* Assets.xcassets */ = {isa = PBXFileReference; lastKnownFileType = folder.assetcatalog; path = Assets.xcassets; sourceTree = "<group>"; };
		602DC97428E313F100B41256 /* Base */ = {isa = PBXFileReference; lastKnownFileType = file.storyboard; name = Base; path = Base.lproj/LaunchScreen.storyboard; sourceTree = "<group>"; };
		602DC97628E313F100B41256 /* Info.plist */ = {isa = PBXFileReference; lastKnownFileType = text.plist.xml; path = Info.plist; sourceTree = "<group>"; };
		602DC97E28E466AA00B41256 /* ListViewController.swift */ = {isa = PBXFileReference; lastKnownFileType = sourcecode.swift; path = ListViewController.swift; sourceTree = "<group>"; };
/* End PBXFileReference section */

/* Begin PBXFrameworksBuildPhase section */
		602DC95F28E313F000B41256 /* Frameworks */ = {
			isa = PBXFrameworksBuildPhase;
			buildActionMask = 2147483647;
			files = (
			);
			runOnlyForDeploymentPostprocessing = 0;
		};
/* End PBXFrameworksBuildPhase section */

/* Begin PBXGroup section */
		602DC95928E313F000B41256 = {
			isa = PBXGroup;
			children = (
				602DC96428E313F000B41256 /* TravelBook2 */,
				602DC96328E313F000B41256 /* Products */,
			);
			sourceTree = "<group>";
		};
		602DC96328E313F000B41256 /* Products */ = {
			isa = PBXGroup;
			children = (
				602DC96228E313F000B41256 /* TravelBook2.app */,
			);
			name = Products;
			sourceTree = "<group>";
		};
		602DC96428E313F000B41256 /* TravelBook2 */ = {
			isa = PBXGroup;
			children = (
				602DC96528E313F000B41256 /* AppDelegate.swift */,
				602DC96728E313F000B41256 /* SceneDelegate.swift */,
				602DC97E28E466AA00B41256 /* ListViewController.swift */,
				602DC96928E313F000B41256 /* ViewController.swift */,
				602DC96B28E313F000B41256 /* Main.storyboard */,
				602DC97128E313F100B41256 /* Assets.xcassets */,
				602DC97328E313F100B41256 /* LaunchScreen.storyboard */,
				602DC97628E313F100B41256 /* Info.plist */,
				602DC96E28E313F000B41256 /* TravelBook2.xcdatamodeld */,
			);
			path = TravelBook2;
			sourceTree = "<group>";
		};
/* End PBXGroup section */

/* Begin PBXNativeTarget section */
		602DC96128E313F000B41256 /* TravelBook2 */ = {
			isa = PBXNativeTarget;
			buildConfigurationList = 602DC97928E313F100B41256 /* Build configuration list for PBXNativeTarget "TravelBook2" */;
			buildPhases = (
				602DC95E28E313F000B41256 /* Sources */,
				602DC95F28E313F000B41256 /* Frameworks */,
				602DC96028E313F000B41256 /* Resources */,
			);
			buildRules = (
			);
			dependencies = (
			);
			name = TravelBook2;
			productName = TravelBook2;
			productReference = 602DC96228E313F000B41256 /* TravelBook2.app */;
			productType = "com.apple.product-type.application";
		};
/* End PBXNativeTarget section */

/* Begin PBXProject section */
		602DC95A28E313F000B41256 /* Project object */ = {
			isa = PBXProject;
			attributes = {
				BuildIndependentTargetsInParallel = 1;
				LastSwiftUpdateCheck = 1400;
				LastUpgradeCheck = 1400;
				TargetAttributes = {
					602DC96128E313F000B41256 = {
						CreatedOnToolsVersion = 14.0;
					};
				};
			};
			buildConfigurationList = 602DC95D28E313F000B41256 /* Build configuration list for PBXProject "TravelBook2" */;
			compatibilityVersion = "Xcode 14.0";
			developmentRegion = en;
			hasScannedForEncodings = 0;
			knownRegions = (
				en,
				Base,
			);
			mainGroup = 602DC95928E313F000B41256;
			productRefGroup = 602DC96328E313F000B41256 /* Products */;
			projectDirPath = "";
			projectRoot = "";
			targets = (
				602DC96128E313F000B41256 /* TravelBook2 */,
			);
		};
/* End PBXProject section */

/* Begin PBXResourcesBuildPhase section */
		602DC96028E313F000B41256 /* Resources */ = {
			isa = PBXResourcesBuildPhase;
			buildActionMask = 2147483647;
			files = (
				602DC97528E313F100B41256 /* LaunchScreen.storyboard in Resources */,
				602DC97228E313F100B41256 /* Assets.xcassets in Resources */,
				602DC96D28E313F000B41256 /* Main.storyboard in Resources */,
			);
			runOnlyForDeploymentPostprocessing = 0;
		};
/* End PBXResourcesBuildPhase section */

/* Begin PBXSourcesBuildPhase section */
		602DC95E28E313F000B41256 /* Sources */ = {
			isa = PBXSourcesBuildPhase;
			buildActionMask = 2147483647;
			files = (
				602DC96A28E313F000B41256 /* ViewController.swift in Sources */,
				602DC97F28E466AA00B41256 /* ListViewController.swift in Sources */,
				602DC96628E313F000B41256 /* AppDelegate.swift in Sources */,
				602DC96828E313F000B41256 /* SceneDelegate.swift in Sources */,
				602DC97028E313F000B41256 /* TravelBook2.xcdatamodeld in Sources */,
			);
			runOnlyForDeploymentPostprocessing = 0;
		};
/* End PBXSourcesBuildPhase section */

/* Begin PBXVariantGroup section */
		602DC96B28E313F000B41256 /* Main.storyboard */ = {
			isa = PBXVariantGroup;
			children = (
				602DC96C28E313F000B41256 /* Base */,
			);
			name = Main.storyboard;
			sourceTree = "<group>";
		};
		602DC97328E313F100B41256 /* LaunchScreen.storyboard */ = {
			isa = PBXVariantGroup;
			children = (
				602DC97428E313F100B41256 /* Base */,
			);
			name = LaunchScreen.storyboard;
			sourceTree = "<group>";
		};
/* End PBXVariantGroup section */

/* Begin XCBuildConfiguration section */
		602DC97728E313F100B41256 /* Debug */ = {
			isa = XCBuildConfiguration;
			buildSettings = {
				ALWAYS_SEARCH_USER_PATHS = NO;
				CLANG_ANALYZER_NONNULL = YES;
				CLANG_ANALYZER_NUMBER_OBJECT_CONVERSION = YES_AGGRESSIVE;
				CLANG_CXX_LANGUAGE_STANDARD = "gnu++20";
				CLANG_ENABLE_MODULES = YES;
				CLANG_ENABLE_OBJC_ARC = YES;
				CLANG_ENABLE_OBJC_WEAK = YES;
				CLANG_WARN_BLOCK_CAPTURE_AUTORELEASING = YES;
				CLANG_WARN_BOOL_CONVERSION = YES;
				CLANG_WARN_COMMA = YES;
				CLANG_WARN_CONSTANT_CONVERSION = YES;
				CLANG_WARN_DEPRECATED_OBJC_IMPLEMENTATIONS = YES;
				CLANG_WARN_DIRECT_OBJC_ISA_USAGE = YES_ERROR;
				CLANG_WARN_DOCUMENTATION_COMMENTS = YES;
				CLANG_WARN_EMPTY_BODY = YES;
				CLANG_WARN_ENUM_CONVERSION = YES;
				CLANG_WARN_INFINITE_RECURSION = YES;
				CLANG_WARN_INT_CONVERSION = YES;
				CLANG_WARN_NON_LITERAL_NULL_CONVERSION = YES;
				CLANG_WARN_OBJC_IMPLICIT_RETAIN_SELF = YES;
				CLANG_WARN_OBJC_LITERAL_CONVERSION = YES;
				CLANG_WARN_OBJC_ROOT_CLASS = YES_ERROR;
				CLANG_WARN_QUOTED_INCLUDE_IN_FRAMEWORK_HEADER = YES;
				CLANG_WARN_RANGE_LOOP_ANALYSIS = YES;
				CLANG_WARN_STRICT_PROTOTYPES = YES;
				CLANG_WARN_SUSPICIOUS_MOVE = YES;
				CLANG_WARN_UNGUARDED_AVAILABILITY = YES_AGGRESSIVE;
				CLANG_WARN_UNREACHABLE_CODE = YES;
				CLANG_WARN__DUPLICATE_METHOD_MATCH = YES;
				COPY_PHASE_STRIP = NO;
				DEBUG_INFORMATION_FORMAT = dwarf;
				ENABLE_STRICT_OBJC_MSGSEND = YES;
				ENABLE_TESTABILITY = YES;
				GCC_C_LANGUAGE_STANDARD = gnu11;
				GCC_DYNAMIC_NO_PIC = NO;
				GCC_NO_COMMON_BLOCKS = YES;
				GCC_OPTIMIZATION_LEVEL = 0;
				GCC_PREPROCESSOR_DEFINITIONS = (
					"DEBUG=1",
					"$(inherited)",
				);
				GCC_WARN_64_TO_32_BIT_CONVERSION = YES;
				GCC_WARN_ABOUT_RETURN_TYPE = YES_ERROR;
				GCC_WARN_UNDECLARED_SELECTOR = YES;
				GCC_WARN_UNINITIALIZED_AUTOS = YES_AGGRESSIVE;
				GCC_WARN_UNUSED_FUNCTION = YES;
				GCC_WARN_UNUSED_VARIABLE = YES;
				IPHONEOS_DEPLOYMENT_TARGET = 16.0;
				MTL_ENABLE_DEBUG_INFO = INCLUDE_SOURCE;
				MTL_FAST_MATH = YES;
				ONLY_ACTIVE_ARCH = YES;
				SDKROOT = iphoneos;
				SWIFT_ACTIVE_COMPILATION_CONDITIONS = DEBUG;
				SWIFT_OPTIMIZATION_LEVEL = "-Onone";
			};
			name = Debug;
		};
		602DC97828E313F100B41256 /* Release */ = {
			isa = XCBuildConfiguration;
			buildSettings = {
				ALWAYS_SEARCH_USER_PATHS = NO;
				CLANG_ANALYZER_NONNULL = YES;
				CLANG_ANALYZER_NUMBER_OBJECT_CONVERSION = YES_AGGRESSIVE;
				CLANG_CXX_LANGUAGE_STANDARD = "gnu++20";
				CLANG_ENABLE_MODULES = YES;
				CLANG_ENABLE_OBJC_ARC = YES;
				CLANG_ENABLE_OBJC_WEAK = YES;
				CLANG_WARN_BLOCK_CAPTURE_AUTORELEASING = YES;
				CLANG_WARN_BOOL_CONVERSION = YES;
				CLANG_WARN_COMMA = YES;
				CLANG_WARN_CONSTANT_CONVERSION = YES;
				CLANG_WARN_DEPRECATED_OBJC_IMPLEMENTATIONS = YES;
				CLANG_WARN_DIRECT_OBJC_ISA_USAGE = YES_ERROR;
				CLANG_WARN_DOCUMENTATION_COMMENTS = YES;
				CLANG_WARN_EMPTY_BODY = YES;
				CLANG_WARN_ENUM_CONVERSION = YES;
				CLANG_WARN_INFINITE_RECURSION = YES;
				CLANG_WARN_INT_CONVERSION = YES;
				CLANG_WARN_NON_LITERAL_NULL_CONVERSION = YES;
				CLANG_WARN_OBJC_IMPLICIT_RETAIN_SELF = YES;
				CLANG_WARN_OBJC_LITERAL_CONVERSION = YES;
				CLANG_WARN_OBJC_ROOT_CLASS = YES_ERROR;
				CLANG_WARN_QUOTED_INCLUDE_IN_FRAMEWORK_HEADER = YES;
				CLANG_WARN_RANGE_LOOP_ANALYSIS = YES;
				CLANG_WARN_STRICT_PROTOTYPES = YES;
				CLANG_WARN_SUSPICIOUS_MOVE = YES;
				CLANG_WARN_UNGUARDED_AVAILABILITY = YES_AGGRESSIVE;
				CLANG_WARN_UNREACHABLE_CODE = YES;
				CLANG_WARN__DUPLICATE_METHOD_MATCH = YES;
				COPY_PHASE_STRIP = NO;
				DEBUG_INFORMATION_FORMAT = "dwarf-with-dsym";
				ENABLE_NS_ASSERTIONS = NO;
				ENABLE_STRICT_OBJC_MSGSEND = YES;
				GCC_C_LANGUAGE_STANDARD = gnu11;
				GCC_NO_COMMON_BLOCKS = YES;
				GCC_WARN_64_TO_32_BIT_CONVERSION = YES;
				GCC_WARN_ABOUT_RETURN_TYPE = YES_ERROR;
				GCC_WARN_UNDECLARED_SELECTOR = YES;
				GCC_WARN_UNINITIALIZED_AUTOS = YES_AGGRESSIVE;
				GCC_WARN_UNUSED_FUNCTION = YES;
				GCC_WARN_UNUSED_VARIABLE = YES;
				IPHONEOS_DEPLOYMENT_TARGET = 16.0;
				MTL_ENABLE_DEBUG_INFO = NO;
				MTL_FAST_MATH = YES;
				SDKROOT = iphoneos;
				SWIFT_COMPILATION_MODE = wholemodule;
				SWIFT_OPTIMIZATION_LEVEL = "-O";
				VALIDATE_PRODUCT = YES;
			};
			name = Release;
		};
		602DC97A28E313F100B41256 /* Debug */ = {
			isa = XCBuildConfiguration;
			buildSettings = {
				ASSETCATALOG_COMPILER_APPICON_NAME = AppIcon;
				ASSETCATALOG_COMPILER_GLOBAL_ACCENT_COLOR_NAME = AccentColor;
				CODE_SIGN_STYLE = Automatic;
				CURRENT_PROJECT_VERSION = 1;
				DEVELOPMENT_TEAM = DU8HR9JQ66;
				GENERATE_INFOPLIST_FILE = YES;
				INFOPLIST_FILE = TravelBook2/Info.plist;
				INFOPLIST_KEY_UIApplicationSupportsIndirectInputEvents = YES;
				INFOPLIST_KEY_UILaunchStoryboardName = LaunchScreen;
				INFOPLIST_KEY_UIMainStoryboardFile = Main;
				INFOPLIST_KEY_UISupportedInterfaceOrientations_iPad = "UIInterfaceOrientationPortrait UIInterfaceOrientationPortraitUpsideDown UIInterfaceOrientationLandscapeLeft UIInterfaceOrientationLandscapeRight";
				INFOPLIST_KEY_UISupportedInterfaceOrientations_iPhone = "UIInterfaceOrientationPortrait UIInterfaceOrientationLandscapeLeft UIInterfaceOrientationLandscapeRight";
				LD_RUNPATH_SEARCH_PATHS = (
					"$(inherited)",
					"@executable_path/Frameworks",
				);
				MARKETING_VERSION = 1.0;
				PRODUCT_BUNDLE_IDENTIFIER = com.serkanboyraci.TravelBook2;
				PRODUCT_NAME = "$(TARGET_NAME)";
				SWIFT_EMIT_LOC_STRINGS = YES;
				SWIFT_VERSION = 5.0;
				TARGETED_DEVICE_FAMILY = "1,2";
			};
			name = Debug;
		};
		602DC97B28E313F100B41256 /* Release */ = {
			isa = XCBuildConfiguration;
			buildSettings = {
				ASSETCATALOG_COMPILER_APPICON_NAME = AppIcon;
				ASSETCATALOG_COMPILER_GLOBAL_ACCENT_COLOR_NAME = AccentColor;
				CODE_SIGN_STYLE = Automatic;
				CURRENT_PROJECT_VERSION = 1;
				DEVELOPMENT_TEAM = DU8HR9JQ66;
				GENERATE_INFOPLIST_FILE = YES;
				INFOPLIST_FILE = TravelBook2/Info.plist;
				INFOPLIST_KEY_UIApplicationSupportsIndirectInputEvents = YES;
				INFOPLIST_KEY_UILaunchStoryboardName = LaunchScreen;
				INFOPLIST_KEY_UIMainStoryboardFile = Main;
				INFOPLIST_KEY_UISupportedInterfaceOrientations_iPad = "UIInterfaceOrientationPortrait UIInterfaceOrientationPortraitUpsideDown UIInterfaceOrientationLandscapeLeft UIInterfaceOrientationLandscapeRight";
				INFOPLIST_KEY_UISupportedInterfaceOrientations_iPhone = "UIInterfaceOrientationPortrait UIInterfaceOrientationLandscapeLeft UIInterfaceOrientationLandscapeRight";
				LD_RUNPATH_SEARCH_PATHS = (
					"$(inherited)",
					"@executable_path/Frameworks",
				);
				MARKETING_VERSION = 1.0;
				PRODUCT_BUNDLE_IDENTIFIER = com.serkanboyraci.TravelBook2;
				PRODUCT_NAME = "$(TARGET_NAME)";
				SWIFT_EMIT_LOC_STRINGS = YES;
				SWIFT_VERSION = 5.0;
				TARGETED_DEVICE_FAMILY = "1,2";
			};
			name = Release;
		};
/* End XCBuildConfiguration section */

/* Begin XCConfigurationList section */
		602DC95D28E313F000B41256 /* Build configuration list for PBXProject "TravelBook2" */ = {
			isa = XCConfigurationList;
			buildConfigurations = (
				602DC97728E313F100B41256 /* Debug */,
				602DC97828E313F100B41256 /* Release */,
			);
			defaultConfigurationIsVisible = 0;
			defaultConfigurationName = Release;
		};
		602DC97928E313F100B41256 /* Build configuration list for PBXNativeTarget "TravelBook2" */ = {
			isa = XCConfigurationList;
			buildConfigurations = (
				602DC97A28E313F100B41256 /* Debug */,
				602DC97B28E313F100B41256 /* Release */,
			);
			defaultConfigurationIsVisible = 0;
			defaultConfigurationName = Release;
		};
/* End XCConfigurationList section */

/* Begin XCVersionGroup section */
		602DC96E28E313F000B41256 /* TravelBook2.xcdatamodeld */ = {
			isa = XCVersionGroup;
			children = (
				602DC96F28E313F000B41256 /* TravelBook2.xcdatamodel */,
			);
			currentVersion = 602DC96F28E313F000B41256 /* TravelBook2.xcdatamodel */;
			path = TravelBook2.xcdatamodeld;
			sourceTree = "<group>";
			versionGroupType = wrapper.xcdatamodel;
		};
/* End XCVersionGroup section */
	};
	rootObject = 602DC95A28E313F000B41256 /* Project object */;
}
